{
  "requires": true,
  "lockfileVersion": 1,
  "dependencies": {
    "@livelybone/copy": {
      "version": "2.6.2",
      "resolved": "https://registry.npmjs.org/@livelybone/copy/-/copy-2.6.2.tgz",
      "integrity": "sha512-5zOATQf0t+5PX8f5bizXSoJT8oTbNrvt0H49YKNqo1uIKxLIqmIp898q4I5aGtkbzwJ46wCNz0sKHUyaj7545w=="
    },
    "@livelybone/date-generator": {
      "version": "3.3.3",
      "resolved": "https://registry.npmjs.org/@livelybone/date-generator/-/date-generator-3.3.3.tgz",
      "integrity": "sha512-Dl4L481Zdz6insXp9fYaEKNTYhQBziqCyq/HVaUg89OTxV9fO6UHdGartQN1RaOjsjhT8t8CqbqZBkDSi86zHw=="
    },
    "@livelybone/mouse-events": {
      "version": "1.0.0-beta",
      "resolved": "https://registry.npmjs.org/@livelybone/mouse-events/-/mouse-events-1.0.0-beta.tgz",
      "integrity": "sha512-wX0eilcn5hG3HNX3JbFOHjNLvyTm+Mhegu0HekGVbuDzClBIi6OQ+uOF82GXiGMlSTr0E0DKT6L6Icefkzqh2Q==",
      "requires": {
        "@livelybone/mouse-wheel": "^4.1.0",
        "is-mobile": "^2.0.1"
      }
    },
    "@livelybone/mouse-wheel": {
      "version": "4.1.0",
      "resolved": "https://registry.npmjs.org/@livelybone/mouse-wheel/-/mouse-wheel-4.1.0.tgz",
      "integrity": "sha512-NRnRBzbd7rBwnuFjLCSjQFIG/7Fq8Z5f/E0euYMuuo0HNGGKndEoOp2cNPDnDqcJM1kKQQyTy14TtQElrmf0pg=="
    },
    "@livelybone/scroll-get": {
      "version": "3.4.2",
      "resolved": "https://registry.npmjs.org/@livelybone/scroll-get/-/scroll-get-3.4.2.tgz",
      "integrity": "sha512-W95/+YMOFGMYcuOGIoe4ODp2rrDZcBlHLzd/GJwIsm5UVKORwhhIfPExW3IAfkJj8WS1WwkahyyFjOO3N4X9iw=="
    },
    "@livelybone/vue-datepicker": {
      "version": "3.1.0",
      "resolved": "https://registry.npmjs.org/@livelybone/vue-datepicker/-/vue-datepicker-3.1.0.tgz",
      "integrity": "sha512-wz86mBD9d7TmG2IKIfk277Ph61t9Kt3oQn4NvnnuJgzpcPewVZA4L4epttd9of/YOAAMcKbiNGYKPt53Owkbtg==",
      "requires": {
        "@livelybone/copy": "^2.5.4",
        "@livelybone/date-generator": "^3.2.1",
        "@livelybone/vue-popper": "^2.3.1",
        "vue-scrollbar-live": "^5.2.1"
      }
    },
    "@livelybone/vue-popper": {
      "version": "2.3.1",
      "resolved": "https://registry.npmjs.org/@livelybone/vue-popper/-/vue-popper-2.3.1.tgz",
      "integrity": "sha512-MR9nbJ9qV+BfXJloqIHs5QF8WsbgzrGoW8V6TgaUpC1Ygac3dGiSCRbBJDt1PoVqJXXT3VBtrrRRWcxNuRP7yw==",
      "requires": {
        "popper.js": "^1.14.4"
      }
    },
    "is-mobile": {
      "version": "2.1.0",
      "resolved": "https://registry.npmjs.org/is-mobile/-/is-mobile-2.1.0.tgz",
      "integrity": "sha512-M5OhlZwh+aTlmRUvDg0Wq3uWVNa+w4DyZ2SjbrS+BhSLu9Po+JXHendC305ZEu+Hh7lywb19Zu4kYXu3L1Oo8A=="
    },
    "popper.js": {
      "version": "1.16.0",
      "resolved": "https://registry.npmjs.org/popper.js/-/popper.js-1.16.0.tgz",
      "integrity": "sha512-+G+EkOPoE5S/zChTpmBSSDYmhXJ5PsW8eMhH8cP/CQHMFPBG/kC9Y5IIw6qNYgdJ+/COf0ddY2li28iHaZRSjw=="
    },
    "vue-scrollbar-live": {
      "version": "5.3.1",
      "resolved": "https://registry.npmjs.org/vue-scrollbar-live/-/vue-scrollbar-live-5.3.1.tgz",
      "integrity": "sha512-I1A36Myphb/GzjDJWcsey2ktYgdcTW4+2vn/r+ScGXfiuGbQkmktWOiHwb2pu5DywWRBkymYRTt+GYZ6s/JmBg==",
      "requires": {
        "@livelybone/mouse-events": "^1.0.0-beta",
        "@livelybone/scroll-get": "^3.4.2"
      }
    }
  }
}
